
Microsoft Visual Studio Solution File, Format Version 12.00
# Visual Studio 15
Project("{FAE04EC0-301F-11D3-BF4B-00C04F79EFBC}") = "Assembly-CSharp", "Assembly-CSharp.csproj", "{FEDC1D3B-13B6-E0D7-D668-64CF9F457884}"
EndProject
Global
	GlobalSection(SolutionConfigurationPlatforms) = preSolution
		Debug|Any CPU = Debug|Any CPU
		Release|Any CPU = Release|Any CPU
	EndGlobalSection
	GlobalSection(ProjectConfigurationPlatforms) = postSolution
		{FEDC1D3B-13B6-E0D7-D668-64CF9F457884}.Debug|Any CPU.ActiveCfg = Debug|Any CPU
		{FEDC1D3B-13B6-E0D7-D668-64CF9F457884}.Debug|Any CPU.Build.0 = Debug|Any CPU
		{FEDC1D3B-13B6-E0D7-D668-64CF9F457884}.Release|Any CPU.ActiveCfg = Release|Any CPU
		{FEDC1D3B-13B6-E0D7-D668-64CF9F457884}.Release|Any CPU.Build.0 = Release|Any CPU
	EndGlobalSection
	GlobalSection(SolutionProperties) = preSolution
		HideSolutionNode = FALSE
	EndGlobalSection
EndGlobal
